
Microsoft Visual Studio Solution File, Format Version 12.00
# Visual Studio Version 17
VisualStudioVersion = 17.7.34003.232
MinimumVisualStudioVersion = 10.0.40219.1
Project("{FAE04EC0-301F-11D3-BF4B-00C04F79EFBC}") = "agendamentoTarefas", "agendamentoTarefas.csproj", "{D185E0FA-8674-49EC-B012-66F5F7026203}"
EndProject
Global
	GlobalSection(SolutionConfigurationPlatforms) = preSolution
		Debug|Any CPU = Debug|Any CPU
		Release|Any CPU = Release|Any CPU
	EndGlobalSection
	GlobalSection(ProjectConfigurationPlatforms) = postSolution
		{D185E0FA-8674-49EC-B012-66F5F7026203}.Debug|Any CPU.ActiveCfg = Debug|Any CPU
		{D185E0FA-8674-49EC-B012-66F5F7026203}.Debug|Any CPU.Build.0 = Debug|Any CPU
		{D185E0FA-8674-49EC-B012-66F5F7026203}.Release|Any CPU.ActiveCfg = Release|Any CPU
		{D185E0FA-8674-49EC-B012-66F5F7026203}.Release|Any CPU.Build.0 = Release|Any CPU
	EndGlobalSection
	GlobalSection(SolutionProperties) = preSolution
		HideSolutionNode = FALSE
	EndGlobalSection
	GlobalSection(ExtensibilityGlobals) = postSolution
		SolutionGuid = {F960FADF-B7C9-4F0F-8877-8993BE2A9934}
	EndGlobalSection
EndGlobal
